// !$*UTF8*$!
{
	archiveVersion = 1;
	classes = {
	};
	objectVersion = 77;
	objects = {

/* Begin PBXContainerItemProxy section */
		6DCF77A32CFE34B700D14145 /* PBXContainerItemProxy */ = {
			isa = PBXContainerItemProxy;
			containerPortal = 6DCF778A2CFE34B600D14145 /* Project object */;
			proxyType = 1;
			remoteGlobalIDString = 6DCF77912CFE34B600D14145;
			remoteInfo = Animetous;
		};
		6DCF77AD2CFE34B700D14145 /* PBXContainerItemProxy */ = {
			isa = PBXContainerItemProxy;
			containerPortal = 6DCF778A2CFE34B600D14145 /* Project object */;
			proxyType = 1;
			remoteGlobalIDString = 6DCF77912CFE34B600D14145;
			remoteInfo = Animetous;
		};
/* End PBXContainerItemProxy section */

/* Begin PBXFileReference section */
		6DCF77922CFE34B600D14145 /* Animetous.app */ = {isa = PBXFileReference; explicitFileType = wrapper.application; includeInIndex = 0; path = Animetous.app; sourceTree = BUILT_PRODUCTS_DIR; };
		6DCF77A22CFE34B700D14145 /* AnimetousTests.xctest */ = {isa = PBXFileReference; explicitFileType = wrapper.cfbundle; includeInIndex = 0; path = AnimetousTests.xctest; sourceTree = BUILT_PRODUCTS_DIR; };
		6DCF77AC2CFE34B700D14145 /* AnimetousUITests.xctest */ = {isa = PBXFileReference; explicitFileType = wrapper.cfbundle; includeInIndex = 0; path = AnimetousUITests.xctest; sourceTree = BUILT_PRODUCTS_DIR; };
/* End PBXFileReference section */

/* Begin PBXFileSystemSynchronizedRootGroup section */
		6DCF77942CFE34B600D14145 /* Animetous */ = {
			isa = PBXFileSystemSynchronizedRootGroup;
			path = Animetous;
			sourceTree = "<group>";
		};
		6DCF77A52CFE34B700D14145 /* AnimetousTests */ = {
			isa = PBXFileSystemSynchronizedRootGroup;
			path = AnimetousTests;
			sourceTree = "<group>";
		};
		6DCF77AF2CFE34B700D14145 /* AnimetousUITests */ = {
			isa = PBXFileSystemSynchronizedRootGroup;
			path = AnimetousUITests;
			sourceTree = "<group>";
		};
/* End PBXFileSystemSynchronizedRootGroup section */

/* Begin PBXFrameworksBuildPhase section */
		6DCF778F2CFE34B600D14145 /* Frameworks */ = {
			isa = PBXFrameworksBuildPhase;
			buildActionMask = 2147483647;
			files = (
			);
			runOnlyForDeploymentPostprocessing = 0;
		};
		6DCF779F2CFE34B700D14145 /* Frameworks */ = {
			isa = PBXFrameworksBuildPhase;
			buildActionMask = 2147483647;
			files = (
			);
			runOnlyForDeploymentPostprocessing = 0;
		};
		6DCF77A92CFE34B700D14145 /* Frameworks */ = {
			isa = PBXFrameworksBuildPhase;
			buildActionMask = 2147483647;
			files = (
			);
			runOnlyForDeploymentPostprocessing = 0;
		};
/* End PBXFrameworksBuildPhase section */

/* Begin PBXGroup section */
		6DCF77892CFE34B600D14145 = {
			isa = PBXGroup;
			children = (
				6DCF77942CFE34B600D14145 /* Animetous */,
				6DCF77A52CFE34B700D14145 /* AnimetousTests */,
				6DCF77AF2CFE34B700D14145 /* AnimetousUITests */,
				6DCF77932CFE34B600D14145 /* Products */,
			);
			sourceTree = "<group>";
		};
		6DCF77932CFE34B600D14145 /* Products */ = {
			isa = PBXGroup;
			children = (
				6DCF77922CFE34B600D14145 /* Animetous.app */,
				6DCF77A22CFE34B700D14145 /* AnimetousTests.xctest */,
				6DCF77AC2CFE34B700D14145 /* AnimetousUITests.xctest */,
			);
			name = Products;
			sourceTree = "<group>";
		};
/* End PBXGroup section */

/* Begin PBXNativeTarget section */
		6DCF77912CFE34B600D14145 /* Animetous */ = {
			isa = PBXNativeTarget;
			buildConfigurationList = 6DCF77B62CFE34B700D14145 /* Build configuration list for PBXNativeTarget "Animetous" */;
			buildPhases = (
				6DCF778E2CFE34B600D14145 /* Sources */,
				6DCF778F2CFE34B600D14145 /* Frameworks */,
				6DCF77902CFE34B600D14145 /* Resources */,
			);
			buildRules = (
			);
			dependencies = (
			);
			fileSystemSynchronizedGroups = (
				6DCF77942CFE34B600D14145 /* Animetous */,
			);
			name = Animetous;
			packageProductDependencies = (
			);
			productName = Animetous;
			productReference = 6DCF77922CFE34B600D14145 /* Animetous.app */;
			productType = "com.apple.product-type.application";
		};
		6DCF77A12CFE34B700D14145 /* AnimetousTests */ = {
			isa = PBXNativeTarget;
			buildConfigurationList = 6DCF77B92CFE34B700D14145 /* Build configuration list for PBXNativeTarget "AnimetousTests" */;
			buildPhases = (
				6DCF779E2CFE34B700D14145 /* Sources */,
				6DCF779F2CFE34B700D14145 /* Frameworks */,
				6DCF77A02CFE34B700D14145 /* Resources */,
			);
			buildRules = (
			);
			dependencies = (
				6DCF77A42CFE34B700D14145 /* PBXTargetDependency */,
			);
			fileSystemSynchronizedGroups = (
				6DCF77A52CFE34B700D14145 /* AnimetousTests */,
			);
			name = AnimetousTests;
			packageProductDependencies = (
			);
			productName = AnimetousTests;
			productReference = 6DCF77A22CFE34B700D14145 /* AnimetousTests.xctest */;
			productType = "com.apple.product-type.bundle.unit-test";
		};
		6DCF77AB2CFE34B700D14145 /* AnimetousUITests */ = {
			isa = PBXNativeTarget;
			buildConfigurationList = 6DCF77BC2CFE34B700D14145 /* Build configuration list for PBXNativeTarget "AnimetousUITests" */;
			buildPhases = (
				6DCF77A82CFE34B700D14145 /* Sources */,
				6DCF77A92CFE34B700D14145 /* Frameworks */,
				6DCF77AA2CFE34B700D14145 /* Resources */,
			);
			buildRules = (
			);
			dependencies = (
				6DCF77AE2CFE34B700D14145 /* PBXTargetDependency */,
			);
			fileSystemSynchronizedGroups = (
				6DCF77AF2CFE34B700D14145 /* AnimetousUITests */,
			);
			name = AnimetousUITests;
			packageProductDependencies = (
			);
			productName = AnimetousUITests;
			productReference = 6DCF77AC2CFE34B700D14145 /* AnimetousUITests.xctest */;
			productType = "com.apple.product-type.bundle.ui-testing";
		};
/* End PBXNativeTarget section */

/* Begin PBXProject section */
		6DCF778A2CFE34B600D14145 /* Project object */ = {
			isa = PBXProject;
			attributes = {
				BuildIndependentTargetsInParallel = 1;
				LastSwiftUpdateCheck = 1610;
				LastUpgradeCheck = 1610;
				TargetAttributes = {
					6DCF77912CFE34B600D14145 = {
						CreatedOnToolsVersion = 16.1;
					};
					6DCF77A12CFE34B700D14145 = {
						CreatedOnToolsVersion = 16.1;
						TestTargetID = 6DCF77912CFE34B600D14145;
					};
					6DCF77AB2CFE34B700D14145 = {
						CreatedOnToolsVersion = 16.1;
						TestTargetID = 6DCF77912CFE34B600D14145;
					};
				};
			};
			buildConfigurationList = 6DCF778D2CFE34B600D14145 /* Build configuration list for PBXProject "Animetous" */;
			developmentRegion = en;
			hasScannedForEncodings = 0;
			knownRegions = (
				en,
				Base,
			);
			mainGroup = 6DCF77892CFE34B600D14145;
			minimizedProjectReferenceProxies = 1;
			preferredProjectObjectVersion = 77;
			productRefGroup = 6DCF77932CFE34B600D14145 /* Products */;
			projectDirPath = "";
			projectRoot = "";
			targets = (
				6DCF77912CFE34B600D14145 /* Animetous */,
				6DCF77A12CFE34B700D14145 /* AnimetousTests */,
				6DCF77AB2CFE34B700D14145 /* AnimetousUITests */,
			);
		};
/* End PBXProject section */

/* Begin PBXResourcesBuildPhase section */
		6DCF77902CFE34B600D14145 /* Resources */ = {
			isa = PBXResourcesBuildPhase;
			buildActionMask = 2147483647;
			files = (
			);
			runOnlyForDeploymentPostprocessing = 0;
		};
		6DCF77A02CFE34B700D14145 /* Resources */ = {
			isa = PBXResourcesBuildPhase;
			buildActionMask = 2147483647;
			files = (
			);
			runOnlyForDeploymentPostprocessing = 0;
		};
		6DCF77AA2CFE34B700D14145 /* Resources */ = {
			isa = PBXResourcesBuildPhase;
			buildActionMask = 2147483647;
			files = (
			);
			runOnlyForDeploymentPostprocessing = 0;
		};
/* End PBXResourcesBuildPhase section */

/* Begin PBXSourcesBuildPhase section */
		6DCF778E2CFE34B600D14145 /* Sources */ = {
			isa = PBXSourcesBuildPhase;
			buildActionMask = 2147483647;
			files = (
			);
			runOnlyForDeploymentPostprocessing = 0;
		};
		6DCF779E2CFE34B700D14145 /* Sources */ = {
			isa = PBXSourcesBuildPhase;
			buildActionMask = 2147483647;
			files = (
			);
			runOnlyForDeploymentPostprocessing = 0;
		};
		6DCF77A82CFE34B700D14145 /* Sources */ = {
			isa = PBXSourcesBuildPhase;
			buildActionMask = 2147483647;
			files = (
			);
			runOnlyForDeploymentPostprocessing = 0;
		};
/* End PBXSourcesBuildPhase section */

/* Begin PBXTargetDependency section */
		6DCF77A42CFE34B700D14145 /* PBXTargetDependency */ = {
			isa = PBXTargetDependency;
			target = 6DCF77912CFE34B600D14145 /* Animetous */;
			targetProxy = 6DCF77A32CFE34B700D14145 /* PBXContainerItemProxy */;
		};
		6DCF77AE2CFE34B700D14145 /* PBXTargetDependency */ = {
			isa = PBXTargetDependency;
			target = 6DCF77912CFE34B600D14145 /* Animetous */;
			targetProxy = 6DCF77AD2CFE34B700D14145 /* PBXContainerItemProxy */;
		};
/* End PBXTargetDependency section */

/* Begin XCBuildConfiguration section */
		6DCF77B42CFE34B700D14145 /* Debug */ = {
			isa = XCBuildConfiguration;
			buildSettings = {
				ALWAYS_SEARCH_USER_PATHS = NO;
				ASSETCATALOG_COMPILER_GENERATE_SWIFT_ASSET_SYMBOL_EXTENSIONS = YES;
				CLANG_ANALYZER_NONNULL = YES;
				CLANG_ANALYZER_NUMBER_OBJECT_CONVERSION = YES_AGGRESSIVE;
				CLANG_CXX_LANGUAGE_STANDARD = "gnu++20";
				CLANG_ENABLE_MODULES = YES;
				CLANG_ENABLE_OBJC_ARC = YES;
				CLANG_ENABLE_OBJC_WEAK = YES;
				CLANG_WARN_BLOCK_CAPTURE_AUTORELEASING = YES;
				CLANG_WARN_BOOL_CONVERSION = YES;
				CLANG_WARN_COMMA = YES;
				CLANG_WARN_CONSTANT_CONVERSION = YES;
				CLANG_WARN_DEPRECATED_OBJC_IMPLEMENTATIONS = YES;
				CLANG_WARN_DIRECT_OBJC_ISA_USAGE = YES_ERROR;
				CLANG_WARN_DOCUMENTATION_COMMENTS = YES;
				CLANG_WARN_EMPTY_BODY = YES;
				CLANG_WARN_ENUM_CONVERSION = YES;
				CLANG_WARN_INFINITE_RECURSION = YES;
				CLANG_WARN_INT_CONVERSION = YES;
				CLANG_WARN_NON_LITERAL_NULL_CONVERSION = YES;
				CLANG_WARN_OBJC_IMPLICIT_RETAIN_SELF = YES;
				CLANG_WARN_OBJC_LITERAL_CONVERSION = YES;
				CLANG_WARN_OBJC_ROOT_CLASS = YES_ERROR;
				CLANG_WARN_QUOTED_INCLUDE_IN_FRAMEWORK_HEADER = YES;
				CLANG_WARN_RANGE_LOOP_ANALYSIS = YES;
				CLANG_WARN_STRICT_PROTOTYPES = YES;
				CLANG_WARN_SUSPICIOUS_MOVE = YES;
				CLANG_WARN_UNGUARDED_AVAILABILITY = YES_AGGRESSIVE;
				CLANG_WARN_UNREACHABLE_CODE = YES;
				CLANG_WARN__DUPLICATE_METHOD_MATCH = YES;
				COPY_PHASE_STRIP = NO;
				DEBUG_INFORMATION_FORMAT = dwarf;
				ENABLE_STRICT_OBJC_MSGSEND = YES;
				ENABLE_TESTABILITY = YES;
				ENABLE_USER_SCRIPT_SANDBOXING = YES;
				GCC_C_LANGUAGE_STANDARD = gnu17;
				GCC_DYNAMIC_NO_PIC = NO;
				GCC_NO_COMMON_BLOCKS = YES;
				GCC_OPTIMIZATION_LEVEL = 0;
				GCC_PREPROCESSOR_DEFINITIONS = (
					"DEBUG=1",
					"$(inherited)",
				);
				GCC_WARN_64_TO_32_BIT_CONVERSION = YES;
				GCC_WARN_ABOUT_RETURN_TYPE = YES_ERROR;
				GCC_WARN_UNDECLARED_SELECTOR = YES;
				GCC_WARN_UNINITIALIZED_AUTOS = YES_AGGRESSIVE;
				GCC_WARN_UNUSED_FUNCTION = YES;
				GCC_WARN_UNUSED_VARIABLE = YES;
				IPHONEOS_DEPLOYMENT_TARGET = 18.1;
				LOCALIZATION_PREFERS_STRING_CATALOGS = YES;
				MTL_ENABLE_DEBUG_INFO = INCLUDE_SOURCE;
				MTL_FAST_MATH = YES;
				ONLY_ACTIVE_ARCH = YES;
				SDKROOT = iphoneos;
				SWIFT_ACTIVE_COMPILATION_CONDITIONS = "DEBUG $(inherited)";
				SWIFT_OPTIMIZATION_LEVEL = "-Onone";
			};
			name = Debug;
		};
		6DCF77B52CFE34B700D14145 /* Release */ = {
			isa = XCBuildConfiguration;
			buildSettings = {
				ALWAYS_SEARCH_USER_PATHS = NO;
				ASSETCATALOG_COMPILER_GENERATE_SWIFT_ASSET_SYMBOL_EXTENSIONS = YES;
				CLANG_ANALYZER_NONNULL = YES;
				CLANG_ANALYZER_NUMBER_OBJECT_CONVERSION = YES_AGGRESSIVE;
				CLANG_CXX_LANGUAGE_STANDARD = "gnu++20";
				CLANG_ENABLE_MODULES = YES;
				CLANG_ENABLE_OBJC_ARC = YES;
				CLANG_ENABLE_OBJC_WEAK = YES;
				CLANG_WARN_BLOCK_CAPTURE_AUTORELEASING = YES;
				CLANG_WARN_BOOL_CONVERSION = YES;
				CLANG_WARN_COMMA = YES;
				CLANG_WARN_CONSTANT_CONVERSION = YES;
				CLANG_WARN_DEPRECATED_OBJC_IMPLEMENTATIONS = YES;
				CLANG_WARN_DIRECT_OBJC_ISA_USAGE = YES_ERROR;
				CLANG_WARN_DOCUMENTATION_COMMENTS = YES;
				CLANG_WARN_EMPTY_BODY = YES;
				CLANG_WARN_ENUM_CONVERSION = YES;
				CLANG_WARN_INFINITE_RECURSION = YES;
				CLANG_WARN_INT_CONVERSION = YES;
				CLANG_WARN_NON_LITERAL_NULL_CONVERSION = YES;
				CLANG_WARN_OBJC_IMPLICIT_RETAIN_SELF = YES;
				CLANG_WARN_OBJC_LITERAL_CONVERSION = YES;
				CLANG_WARN_OBJC_ROOT_CLASS = YES_ERROR;
				CLANG_WARN_QUOTED_INCLUDE_IN_FRAMEWORK_HEADER = YES;
				CLANG_WARN_RANGE_LOOP_ANALYSIS = YES;
				CLANG_WARN_STRICT_PROTOTYPES = YES;
				CLANG_WARN_SUSPICIOUS_MOVE = YES;
				CLANG_WARN_UNGUARDED_AVAILABILITY = YES_AGGRESSIVE;
				CLANG_WARN_UNREACHABLE_CODE = YES;
				CLANG_WARN__DUPLICATE_METHOD_MATCH = YES;
				COPY_PHASE_STRIP = NO;
				DEBUG_INFORMATION_FORMAT = "dwarf-with-dsym";
				ENABLE_NS_ASSERTIONS = NO;
				ENABLE_STRICT_OBJC_MSGSEND = YES;
				ENABLE_USER_SCRIPT_SANDBOXING = YES;
				GCC_C_LANGUAGE_STANDARD = gnu17;
				GCC_NO_COMMON_BLOCKS = YES;
				GCC_WARN_64_TO_32_BIT_CONVERSION = YES;
				GCC_WARN_ABOUT_RETURN_TYPE = YES_ERROR;
				GCC_WARN_UNDECLARED_SELECTOR = YES;
				GCC_WARN_UNINITIALIZED_AUTOS = YES_AGGRESSIVE;
				GCC_WARN_UNUSED_FUNCTION = YES;
				GCC_WARN_UNUSED_VARIABLE = YES;
				IPHONEOS_DEPLOYMENT_TARGET = 18.1;
				LOCALIZATION_PREFERS_STRING_CATALOGS = YES;
				MTL_ENABLE_DEBUG_INFO = NO;
				MTL_FAST_MATH = YES;
				SDKROOT = iphoneos;
				SWIFT_COMPILATION_MODE = wholemodule;
				VALIDATE_PRODUCT = YES;
			};
			name = Release;
		};
		6DCF77B72CFE34B700D14145 /* Debug */ = {
			isa = XCBuildConfiguration;
			buildSettings = {
				ASSETCATALOG_COMPILER_APPICON_NAME = AppIcon;
				ASSETCATALOG_COMPILER_GLOBAL_ACCENT_COLOR_NAME = AccentColor;
				CODE_SIGN_STYLE = Automatic;
				CURRENT_PROJECT_VERSION = 1;
				DEVELOPMENT_ASSET_PATHS = "\"Animetous/Preview Content\"";
				DEVELOPMENT_TEAM = 3BBLCC5MVU;
				ENABLE_PREVIEWS = YES;
				GENERATE_INFOPLIST_FILE = YES;
				INFOPLIST_KEY_UIApplicationSceneManifest_Generation = YES;
				INFOPLIST_KEY_UIApplicationSupportsIndirectInputEvents = YES;
				INFOPLIST_KEY_UILaunchScreen_Generation = YES;
				INFOPLIST_KEY_UISupportedInterfaceOrientations_iPad = "UIInterfaceOrientationPortrait UIInterfaceOrientationPortraitUpsideDown UIInterfaceOrientationLandscapeLeft UIInterfaceOrientationLandscapeRight";
				INFOPLIST_KEY_UISupportedInterfaceOrientations_iPhone = "UIInterfaceOrientationPortrait UIInterfaceOrientationLandscapeLeft UIInterfaceOrientationLandscapeRight";
				LD_RUNPATH_SEARCH_PATHS = (
					"$(inherited)",
					"@executable_path/Frameworks",
				);
				MARKETING_VERSION = 1.0;
				PRODUCT_BUNDLE_IDENTIFIER = com.dainty.app.ai.anime.image.generator.Animetous;
				PRODUCT_NAME = "$(TARGET_NAME)";
				SWIFT_EMIT_LOC_STRINGS = YES;
				SWIFT_VERSION = 5.0;
				TARGETED_DEVICE_FAMILY = "1,2";
			};
			name = Debug;
		};
		6DCF77B82CFE34B700D14145 /* Release */ = {
			isa = XCBuildConfiguration;
			buildSettings = {
				ASSETCATALOG_COMPILER_APPICON_NAME = AppIcon;
				ASSETCATALOG_COMPILER_GLOBAL_ACCENT_COLOR_NAME = AccentColor;
				CODE_SIGN_STYLE = Automatic;
				CURRENT_PROJECT_VERSION = 1;
				DEVELOPMENT_ASSET_PATHS = "\"Animetous/Preview Content\"";
				DEVELOPMENT_TEAM = 3BBLCC5MVU;
				ENABLE_PREVIEWS = YES;
				GENERATE_INFOPLIST_FILE = YES;
				INFOPLIST_KEY_UIApplicationSceneManifest_Generation = YES;
				INFOPLIST_KEY_UIApplicationSupportsIndirectInputEvents = YES;
				INFOPLIST_KEY_UILaunchScreen_Generation = YES;
				INFOPLIST_KEY_UISupportedInterfaceOrientations_iPad = "UIInterfaceOrientationPortrait UIInterfaceOrientationPortraitUpsideDown UIInterfaceOrientationLandscapeLeft UIInterfaceOrientationLandscapeRight";
				INFOPLIST_KEY_UISupportedInterfaceOrientations_iPhone = "UIInterfaceOrientationPortrait UIInterfaceOrientationLandscapeLeft UIInterfaceOrientationLandscapeRight";
				LD_RUNPATH_SEARCH_PATHS = (
					"$(inherited)",
					"@executable_path/Frameworks",
				);
				MARKETING_VERSION = 1.0;
				PRODUCT_BUNDLE_IDENTIFIER = com.dainty.app.ai.anime.image.generator.Animetous;
				PRODUCT_NAME = "$(TARGET_NAME)";
				SWIFT_EMIT_LOC_STRINGS = YES;
				SWIFT_VERSION = 5.0;
				TARGETED_DEVICE_FAMILY = "1,2";
			};
			name = Release;
		};
		6DCF77BA2CFE34B700D14145 /* Debug */ = {
			isa = XCBuildConfiguration;
			buildSettings = {
				BUNDLE_LOADER = "$(TEST_HOST)";
				CODE_SIGN_STYLE = Automatic;
				CURRENT_PROJECT_VERSION = 1;
				DEVELOPMENT_TEAM = 3BBLCC5MVU;
				GENERATE_INFOPLIST_FILE = YES;
				IPHONEOS_DEPLOYMENT_TARGET = 18.1;
				MARKETING_VERSION = 1.0;
				PRODUCT_BUNDLE_IDENTIFIER = com.dainty.app.ai.anime.image.generator.AnimetousTests;
				PRODUCT_NAME = "$(TARGET_NAME)";
				SWIFT_EMIT_LOC_STRINGS = NO;
				SWIFT_VERSION = 5.0;
				TARGETED_DEVICE_FAMILY = "1,2";
				TEST_HOST = "$(BUILT_PRODUCTS_DIR)/Animetous.app/$(BUNDLE_EXECUTABLE_FOLDER_PATH)/Animetous";
			};
			name = Debug;
		};
		6DCF77BB2CFE34B700D14145 /* Release */ = {
			isa = XCBuildConfiguration;
			buildSettings = {
				BUNDLE_LOADER = "$(TEST_HOST)";
				CODE_SIGN_STYLE = Automatic;
				CURRENT_PROJECT_VERSION = 1;
				DEVELOPMENT_TEAM = 3BBLCC5MVU;
				GENERATE_INFOPLIST_FILE = YES;
				IPHONEOS_DEPLOYMENT_TARGET = 18.1;
				MARKETING_VERSION = 1.0;
				PRODUCT_BUNDLE_IDENTIFIER = com.dainty.app.ai.anime.image.generator.AnimetousTests;
				PRODUCT_NAME = "$(TARGET_NAME)";
				SWIFT_EMIT_LOC_STRINGS = NO;
				SWIFT_VERSION = 5.0;
				TARGETED_DEVICE_FAMILY = "1,2";
				TEST_HOST = "$(BUILT_PRODUCTS_DIR)/Animetous.app/$(BUNDLE_EXECUTABLE_FOLDER_PATH)/Animetous";
			};
			name = Release;
		};
		6DCF77BD2CFE34B700D14145 /* Debug */ = {
			isa = XCBuildConfiguration;
			buildSettings = {
				CODE_SIGN_STYLE = Automatic;
				CURRENT_PROJECT_VERSION = 1;
				DEVELOPMENT_TEAM = 3BBLCC5MVU;
				GENERATE_INFOPLIST_FILE = YES;
				MARKETING_VERSION = 1.0;
				PRODUCT_BUNDLE_IDENTIFIER = com.dainty.app.ai.anime.image.generator.AnimetousUITests;
				PRODUCT_NAME = "$(TARGET_NAME)";
				SWIFT_EMIT_LOC_STRINGS = NO;
				SWIFT_VERSION = 5.0;
				TARGETED_DEVICE_FAMILY = "1,2";
				TEST_TARGET_NAME = Animetous;
			};
			name = Debug;
		};
		6DCF77BE2CFE34B700D14145 /* Release */ = {
			isa = XCBuildConfiguration;
			buildSettings = {
				CODE_SIGN_STYLE = Automatic;
				CURRENT_PROJECT_VERSION = 1;
				DEVELOPMENT_TEAM = 3BBLCC5MVU;
				GENERATE_INFOPLIST_FILE = YES;
				MARKETING_VERSION = 1.0;
				PRODUCT_BUNDLE_IDENTIFIER = com.dainty.app.ai.anime.image.generator.AnimetousUITests;
				PRODUCT_NAME = "$(TARGET_NAME)";
				SWIFT_EMIT_LOC_STRINGS = NO;
				SWIFT_VERSION = 5.0;
				TARGETED_DEVICE_FAMILY = "1,2";
				TEST_TARGET_NAME = Animetous;
			};
			name = Release;
		};
/* End XCBuildConfiguration section */

/* Begin XCConfigurationList section */
		6DCF778D2CFE34B600D14145 /* Build configuration list for PBXProject "Animetous" */ = {
			isa = XCConfigurationList;
			buildConfigurations = (
				6DCF77B42CFE34B700D14145 /* Debug */,
				6DCF77B52CFE34B700D14145 /* Release */,
			);
			defaultConfigurationIsVisible = 0;
			defaultConfigurationName = Release;
		};
		6DCF77B62CFE34B700D14145 /* Build configuration list for PBXNativeTarget "Animetous" */ = {
			isa = XCConfigurationList;
			buildConfigurations = (
				6DCF77B72CFE34B700D14145 /* Debug */,
				6DCF77B82CFE34B700D14145 /* Release */,
			);
			defaultConfigurationIsVisible = 0;
			defaultConfigurationName = Release;
		};
		6DCF77B92CFE34B700D14145 /* Build configuration list for PBXNativeTarget "AnimetousTests" */ = {
			isa = XCConfigurationList;
			buildConfigurations = (
				6DCF77BA2CFE34B700D14145 /* Debug */,
				6DCF77BB2CFE34B700D14145 /* Release */,
			);
			defaultConfigurationIsVisible = 0;
			defaultConfigurationName = Release;
		};
		6DCF77BC2CFE34B700D14145 /* Build configuration list for PBXNativeTarget "AnimetousUITests" */ = {
			isa = XCConfigurationList;
			buildConfigurations = (
				6DCF77BD2CFE34B700D14145 /* Debug */,
				6DCF77BE2CFE34B700D14145 /* Release */,
			);
			defaultConfigurationIsVisible = 0;
			defaultConfigurationName = Release;
		};
/* End XCConfigurationList section */
	};
	rootObject = 6DCF778A2CFE34B600D14145 /* Project object */;
}
